
Microsoft Visual Studio Solution File, Format Version 12.00
# Visual Studio 15
VisualStudioVersion = 15.0.28307.2017
MinimumVisualStudioVersion = 10.0.40219.1
Project("{FAE04EC0-301F-11D3-BF4B-00C04F79EFBC}") = "ShbChecker", "WpfApp2\ShbChecker.csproj", "{D10D476B-3A72-4400-8E3E-F00A19FCDCBF}"
EndProject
Global
	GlobalSection(SolutionConfigurationPlatforms) = preSolution
		Debug|Any CPU = Debug|Any CPU
		Release|Any CPU = Release|Any CPU
	EndGlobalSection
	GlobalSection(ProjectConfigurationPlatforms) = postSolution
		{D10D476B-3A72-4400-8E3E-F00A19FCDCBF}.Debug|Any CPU.ActiveCfg = Debug|Any CPU
		{D10D476B-3A72-4400-8E3E-F00A19FCDCBF}.Debug|Any CPU.Build.0 = Debug|Any CPU
		{D10D476B-3A72-4400-8E3E-F00A19FCDCBF}.Release|Any CPU.ActiveCfg = Release|Any CPU
		{D10D476B-3A72-4400-8E3E-F00A19FCDCBF}.Release|Any CPU.Build.0 = Release|Any CPU
	EndGlobalSection
	GlobalSection(SolutionProperties) = preSolution
		HideSolutionNode = FALSE
	EndGlobalSection
	GlobalSection(ExtensibilityGlobals) = postSolution
		SolutionGuid = {0EAAB157-672D-435F-B899-AED534BDA463}
	EndGlobalSection
EndGlobal
