
Microsoft Visual Studio Solution File, Format Version 12.00
# Visual Studio Version 16
VisualStudioVersion = 16.0.31105.61
MinimumVisualStudioVersion = 10.0.40219.1
Project("{FAE04EC0-301F-11D3-BF4B-00C04F79EFBC}") = "processing", "processing.csproj", "{622825C9-753F-428A-8DAC-A96879B699E2}"
EndProject
Global
	GlobalSection(SolutionConfigurationPlatforms) = preSolution
		Debug|Any CPU = Debug|Any CPU
		Release|Any CPU = Release|Any CPU
	EndGlobalSection
	GlobalSection(ProjectConfigurationPlatforms) = postSolution
		{622825C9-753F-428A-8DAC-A96879B699E2}.Debug|Any CPU.ActiveCfg = Debug|Any CPU
		{622825C9-753F-428A-8DAC-A96879B699E2}.Debug|Any CPU.Build.0 = Debug|Any CPU
		{622825C9-753F-428A-8DAC-A96879B699E2}.Release|Any CPU.ActiveCfg = Release|Any CPU
		{622825C9-753F-428A-8DAC-A96879B699E2}.Release|Any CPU.Build.0 = Release|Any CPU
	EndGlobalSection
	GlobalSection(SolutionProperties) = preSolution
		HideSolutionNode = FALSE
	EndGlobalSection
	GlobalSection(ExtensibilityGlobals) = postSolution
		SolutionGuid = {A861E787-C3AC-4105-80DB-83C4985A4600}
	EndGlobalSection
EndGlobal
